
Microsoft Visual Studio Solution File, Format Version 12.00
# Visual Studio 2013
VisualStudioVersion = 12.0.31101.0
MinimumVisualStudioVersion = 10.0.40219.1
Project("{FAE04EC0-301F-11D3-BF4B-00C04F79EFBC}") = "ProjectionOperators", "src\ProjectionOperators\ProjectionOperators.csproj", "{5E3A2422-6F07-4283-BFA9-315C3E1EA657}"
EndProject
Project("{2150E333-8FDC-42A3-9474-1A3956D46DE8}") = "Solution Items", "Solution Items", "{2C2E881F-6018-4BF0-982C-D3079826F325}"
	ProjectSection(SolutionItems) = preProject
		.gitignore = .gitignore
		README.md = README.md
	EndProjectSection
EndProject
Project("{2150E333-8FDC-42A3-9474-1A3956D46DE8}") = "main", "main", "{8ADAD71F-B88C-4C9C-8AE5-9846BADCAF93}"
EndProject
Project("{2150E333-8FDC-42A3-9474-1A3956D46DE8}") = "test", "test", "{6D7736B4-2646-4B95-8EA7-541694DB6BD7}"
EndProject
Project("{FAE04EC0-301F-11D3-BF4B-00C04F79EFBC}") = "Test", "test\Test\Test.csproj", "{15C60602-CEFB-4FDA-8CAA-4D6C93CD4169}"
EndProject
Global
	GlobalSection(SolutionConfigurationPlatforms) = preSolution
		Debug|Any CPU = Debug|Any CPU
		Release|Any CPU = Release|Any CPU
	EndGlobalSection
	GlobalSection(ProjectConfigurationPlatforms) = postSolution
		{5E3A2422-6F07-4283-BFA9-315C3E1EA657}.Debug|Any CPU.ActiveCfg = Debug|Any CPU
		{5E3A2422-6F07-4283-BFA9-315C3E1EA657}.Debug|Any CPU.Build.0 = Debug|Any CPU
		{5E3A2422-6F07-4283-BFA9-315C3E1EA657}.Release|Any CPU.ActiveCfg = Release|Any CPU
		{5E3A2422-6F07-4283-BFA9-315C3E1EA657}.Release|Any CPU.Build.0 = Release|Any CPU
		{15C60602-CEFB-4FDA-8CAA-4D6C93CD4169}.Debug|Any CPU.ActiveCfg = Debug|Any CPU
		{15C60602-CEFB-4FDA-8CAA-4D6C93CD4169}.Debug|Any CPU.Build.0 = Debug|Any CPU
		{15C60602-CEFB-4FDA-8CAA-4D6C93CD4169}.Release|Any CPU.ActiveCfg = Release|Any CPU
		{15C60602-CEFB-4FDA-8CAA-4D6C93CD4169}.Release|Any CPU.Build.0 = Release|Any CPU
	EndGlobalSection
	GlobalSection(SolutionProperties) = preSolution
		HideSolutionNode = FALSE
	EndGlobalSection
	GlobalSection(NestedProjects) = preSolution
		{5E3A2422-6F07-4283-BFA9-315C3E1EA657} = {8ADAD71F-B88C-4C9C-8AE5-9846BADCAF93}
		{15C60602-CEFB-4FDA-8CAA-4D6C93CD4169} = {6D7736B4-2646-4B95-8EA7-541694DB6BD7}
	EndGlobalSection
EndGlobal
