
Microsoft Visual Studio Solution File, Format Version 12.00
# Visual Studio 14
VisualStudioVersion = 14.0.23107.0
MinimumVisualStudioVersion = 10.0.40219.1
Project("{FAE04EC0-301F-11D3-BF4B-00C04F79EFBC}") = "ProjectionOperators", "src\ProjectionOperators\ProjectionOperators.csproj", "{5E3A2422-6F07-4283-BFA9-315C3E1EA657}"
EndProject
Project("{2150E333-8FDC-42A3-9474-1A3956D46DE8}") = "Solution Items", "Solution Items", "{2C2E881F-6018-4BF0-982C-D3079826F325}"
	ProjectSection(SolutionItems) = preProject
		.gitignore = .gitignore
		README.md = README.md
	EndProjectSection
EndProject
Project("{2150E333-8FDC-42A3-9474-1A3956D46DE8}") = "main", "main", "{8ADAD71F-B88C-4C9C-8AE5-9846BADCAF93}"
EndProject
Project("{2150E333-8FDC-42A3-9474-1A3956D46DE8}") = "test", "test", "{6D7736B4-2646-4B95-8EA7-541694DB6BD7}"
EndProject
Project("{FAE04EC0-301F-11D3-BF4B-00C04F79EFBC}") = "Test", "test\Test\Test.csproj", "{15C60602-CEFB-4FDA-8CAA-4D6C93CD4169}"
EndProject
Project("{FAE04EC0-301F-11D3-BF4B-00C04F79EFBC}") = "Common", "src\Common\Common.csproj", "{DC499D1C-C71F-4FBB-8327-BB13E89E3D7E}"
EndProject
Project("{FAE04EC0-301F-11D3-BF4B-00C04F79EFBC}") = "RestrictionOperators", "src\RestrictionOperators\RestrictionOperators.csproj", "{B0AAC549-1B63-4BDF-B6AE-D85316EE7F93}"
EndProject
Project("{FAE04EC0-301F-11D3-BF4B-00C04F79EFBC}") = "PartitioningOperators", "src\PartitioningOperators\PartitioningOperators.csproj", "{F55395BB-2FC7-4C48-B315-3CDA396DE056}"
EndProject
Project("{FAE04EC0-301F-11D3-BF4B-00C04F79EFBC}") = "OrderingOperators", "src\OrderingOperators\OrderingOperators.csproj", "{87DA9FA2-1FAA-4B68-89B5-CDD76767C7F0}"
EndProject
Project("{FAE04EC0-301F-11D3-BF4B-00C04F79EFBC}") = "GroupingOperators", "src\GroupingOperators\GroupingOperators.csproj", "{160AA11E-B052-4029-913A-2F8BC308DA2F}"
EndProject
Project("{FAE04EC0-301F-11D3-BF4B-00C04F79EFBC}") = "SetOperators", "src\SetOperators\SetOperators.csproj", "{670DBB74-67DA-4D91-9CB8-0D490993C28A}"
EndProject
Project("{FAE04EC0-301F-11D3-BF4B-00C04F79EFBC}") = "ConversionOperators", "src\ConversionOperators\ConversionOperators.csproj", "{9BB373EB-68A5-43C8-8F60-DA37BC4A370D}"
EndProject
Project("{FAE04EC0-301F-11D3-BF4B-00C04F79EFBC}") = "ElementOperators", "src\ElementOperators\ElementOperators.csproj", "{DE5C1BAB-283F-41AF-8FB5-17AAA2B8CD5A}"
EndProject
Project("{FAE04EC0-301F-11D3-BF4B-00C04F79EFBC}") = "GenerationOperators", "src\GenerationOperators\GenerationOperators.csproj", "{00CF2E4A-B0BF-4654-9A49-22B3857CAC03}"
EndProject
Project("{FAE04EC0-301F-11D3-BF4B-00C04F79EFBC}") = "Quantifiers", "src\Quantifiers\Quantifiers.csproj", "{702FB6F4-EEC0-4C59-BC21-E77EBE5E12DE}"
EndProject
Project("{FAE04EC0-301F-11D3-BF4B-00C04F79EFBC}") = "AggregateOperators", "src\AggregateOperators\AggregateOperators.csproj", "{BA89102B-B2E7-42F0-863A-08635A686B36}"
EndProject
Project("{FAE04EC0-301F-11D3-BF4B-00C04F79EFBC}") = "QueryExecution", "src\QueryExecution\QueryExecution.csproj", "{CC683E49-8DD1-43B3-BB13-92CD2907C571}"
EndProject
Global
	GlobalSection(SolutionConfigurationPlatforms) = preSolution
		Debug|Any CPU = Debug|Any CPU
		Release|Any CPU = Release|Any CPU
	EndGlobalSection
	GlobalSection(ProjectConfigurationPlatforms) = postSolution
		{5E3A2422-6F07-4283-BFA9-315C3E1EA657}.Debug|Any CPU.ActiveCfg = Debug|Any CPU
		{5E3A2422-6F07-4283-BFA9-315C3E1EA657}.Debug|Any CPU.Build.0 = Debug|Any CPU
		{5E3A2422-6F07-4283-BFA9-315C3E1EA657}.Release|Any CPU.ActiveCfg = Release|Any CPU
		{5E3A2422-6F07-4283-BFA9-315C3E1EA657}.Release|Any CPU.Build.0 = Release|Any CPU
		{15C60602-CEFB-4FDA-8CAA-4D6C93CD4169}.Debug|Any CPU.ActiveCfg = Debug|Any CPU
		{15C60602-CEFB-4FDA-8CAA-4D6C93CD4169}.Debug|Any CPU.Build.0 = Debug|Any CPU
		{15C60602-CEFB-4FDA-8CAA-4D6C93CD4169}.Release|Any CPU.ActiveCfg = Release|Any CPU
		{15C60602-CEFB-4FDA-8CAA-4D6C93CD4169}.Release|Any CPU.Build.0 = Release|Any CPU
		{DC499D1C-C71F-4FBB-8327-BB13E89E3D7E}.Debug|Any CPU.ActiveCfg = Debug|Any CPU
		{DC499D1C-C71F-4FBB-8327-BB13E89E3D7E}.Debug|Any CPU.Build.0 = Debug|Any CPU
		{DC499D1C-C71F-4FBB-8327-BB13E89E3D7E}.Release|Any CPU.ActiveCfg = Release|Any CPU
		{DC499D1C-C71F-4FBB-8327-BB13E89E3D7E}.Release|Any CPU.Build.0 = Release|Any CPU
		{B0AAC549-1B63-4BDF-B6AE-D85316EE7F93}.Debug|Any CPU.ActiveCfg = Debug|Any CPU
		{B0AAC549-1B63-4BDF-B6AE-D85316EE7F93}.Debug|Any CPU.Build.0 = Debug|Any CPU
		{B0AAC549-1B63-4BDF-B6AE-D85316EE7F93}.Release|Any CPU.ActiveCfg = Release|Any CPU
		{B0AAC549-1B63-4BDF-B6AE-D85316EE7F93}.Release|Any CPU.Build.0 = Release|Any CPU
		{F55395BB-2FC7-4C48-B315-3CDA396DE056}.Debug|Any CPU.ActiveCfg = Debug|Any CPU
		{F55395BB-2FC7-4C48-B315-3CDA396DE056}.Debug|Any CPU.Build.0 = Debug|Any CPU
		{F55395BB-2FC7-4C48-B315-3CDA396DE056}.Release|Any CPU.ActiveCfg = Release|Any CPU
		{F55395BB-2FC7-4C48-B315-3CDA396DE056}.Release|Any CPU.Build.0 = Release|Any CPU
		{87DA9FA2-1FAA-4B68-89B5-CDD76767C7F0}.Debug|Any CPU.ActiveCfg = Debug|Any CPU
		{87DA9FA2-1FAA-4B68-89B5-CDD76767C7F0}.Debug|Any CPU.Build.0 = Debug|Any CPU
		{87DA9FA2-1FAA-4B68-89B5-CDD76767C7F0}.Release|Any CPU.ActiveCfg = Release|Any CPU
		{87DA9FA2-1FAA-4B68-89B5-CDD76767C7F0}.Release|Any CPU.Build.0 = Release|Any CPU
		{160AA11E-B052-4029-913A-2F8BC308DA2F}.Debug|Any CPU.ActiveCfg = Debug|Any CPU
		{160AA11E-B052-4029-913A-2F8BC308DA2F}.Debug|Any CPU.Build.0 = Debug|Any CPU
		{160AA11E-B052-4029-913A-2F8BC308DA2F}.Release|Any CPU.ActiveCfg = Release|Any CPU
		{160AA11E-B052-4029-913A-2F8BC308DA2F}.Release|Any CPU.Build.0 = Release|Any CPU
		{670DBB74-67DA-4D91-9CB8-0D490993C28A}.Debug|Any CPU.ActiveCfg = Debug|Any CPU
		{670DBB74-67DA-4D91-9CB8-0D490993C28A}.Debug|Any CPU.Build.0 = Debug|Any CPU
		{670DBB74-67DA-4D91-9CB8-0D490993C28A}.Release|Any CPU.ActiveCfg = Release|Any CPU
		{670DBB74-67DA-4D91-9CB8-0D490993C28A}.Release|Any CPU.Build.0 = Release|Any CPU
		{9BB373EB-68A5-43C8-8F60-DA37BC4A370D}.Debug|Any CPU.ActiveCfg = Debug|Any CPU
		{9BB373EB-68A5-43C8-8F60-DA37BC4A370D}.Debug|Any CPU.Build.0 = Debug|Any CPU
		{9BB373EB-68A5-43C8-8F60-DA37BC4A370D}.Release|Any CPU.ActiveCfg = Release|Any CPU
		{9BB373EB-68A5-43C8-8F60-DA37BC4A370D}.Release|Any CPU.Build.0 = Release|Any CPU
		{DE5C1BAB-283F-41AF-8FB5-17AAA2B8CD5A}.Debug|Any CPU.ActiveCfg = Debug|Any CPU
		{DE5C1BAB-283F-41AF-8FB5-17AAA2B8CD5A}.Debug|Any CPU.Build.0 = Debug|Any CPU
		{DE5C1BAB-283F-41AF-8FB5-17AAA2B8CD5A}.Release|Any CPU.ActiveCfg = Release|Any CPU
		{DE5C1BAB-283F-41AF-8FB5-17AAA2B8CD5A}.Release|Any CPU.Build.0 = Release|Any CPU
		{00CF2E4A-B0BF-4654-9A49-22B3857CAC03}.Debug|Any CPU.ActiveCfg = Debug|Any CPU
		{00CF2E4A-B0BF-4654-9A49-22B3857CAC03}.Debug|Any CPU.Build.0 = Debug|Any CPU
		{00CF2E4A-B0BF-4654-9A49-22B3857CAC03}.Release|Any CPU.ActiveCfg = Release|Any CPU
		{00CF2E4A-B0BF-4654-9A49-22B3857CAC03}.Release|Any CPU.Build.0 = Release|Any CPU
		{702FB6F4-EEC0-4C59-BC21-E77EBE5E12DE}.Debug|Any CPU.ActiveCfg = Debug|Any CPU
		{702FB6F4-EEC0-4C59-BC21-E77EBE5E12DE}.Debug|Any CPU.Build.0 = Debug|Any CPU
		{702FB6F4-EEC0-4C59-BC21-E77EBE5E12DE}.Release|Any CPU.ActiveCfg = Release|Any CPU
		{702FB6F4-EEC0-4C59-BC21-E77EBE5E12DE}.Release|Any CPU.Build.0 = Release|Any CPU
		{BA89102B-B2E7-42F0-863A-08635A686B36}.Debug|Any CPU.ActiveCfg = Debug|Any CPU
		{BA89102B-B2E7-42F0-863A-08635A686B36}.Debug|Any CPU.Build.0 = Debug|Any CPU
		{BA89102B-B2E7-42F0-863A-08635A686B36}.Release|Any CPU.ActiveCfg = Release|Any CPU
		{BA89102B-B2E7-42F0-863A-08635A686B36}.Release|Any CPU.Build.0 = Release|Any CPU
		{CC683E49-8DD1-43B3-BB13-92CD2907C571}.Debug|Any CPU.ActiveCfg = Debug|Any CPU
		{CC683E49-8DD1-43B3-BB13-92CD2907C571}.Debug|Any CPU.Build.0 = Debug|Any CPU
		{CC683E49-8DD1-43B3-BB13-92CD2907C571}.Release|Any CPU.ActiveCfg = Release|Any CPU
		{CC683E49-8DD1-43B3-BB13-92CD2907C571}.Release|Any CPU.Build.0 = Release|Any CPU
	EndGlobalSection
	GlobalSection(SolutionProperties) = preSolution
		HideSolutionNode = FALSE
	EndGlobalSection
	GlobalSection(NestedProjects) = preSolution
		{5E3A2422-6F07-4283-BFA9-315C3E1EA657} = {8ADAD71F-B88C-4C9C-8AE5-9846BADCAF93}
		{15C60602-CEFB-4FDA-8CAA-4D6C93CD4169} = {6D7736B4-2646-4B95-8EA7-541694DB6BD7}
		{DC499D1C-C71F-4FBB-8327-BB13E89E3D7E} = {8ADAD71F-B88C-4C9C-8AE5-9846BADCAF93}
		{B0AAC549-1B63-4BDF-B6AE-D85316EE7F93} = {8ADAD71F-B88C-4C9C-8AE5-9846BADCAF93}
		{F55395BB-2FC7-4C48-B315-3CDA396DE056} = {8ADAD71F-B88C-4C9C-8AE5-9846BADCAF93}
		{87DA9FA2-1FAA-4B68-89B5-CDD76767C7F0} = {8ADAD71F-B88C-4C9C-8AE5-9846BADCAF93}
		{160AA11E-B052-4029-913A-2F8BC308DA2F} = {8ADAD71F-B88C-4C9C-8AE5-9846BADCAF93}
		{670DBB74-67DA-4D91-9CB8-0D490993C28A} = {8ADAD71F-B88C-4C9C-8AE5-9846BADCAF93}
		{9BB373EB-68A5-43C8-8F60-DA37BC4A370D} = {8ADAD71F-B88C-4C9C-8AE5-9846BADCAF93}
		{DE5C1BAB-283F-41AF-8FB5-17AAA2B8CD5A} = {8ADAD71F-B88C-4C9C-8AE5-9846BADCAF93}
		{00CF2E4A-B0BF-4654-9A49-22B3857CAC03} = {8ADAD71F-B88C-4C9C-8AE5-9846BADCAF93}
		{702FB6F4-EEC0-4C59-BC21-E77EBE5E12DE} = {8ADAD71F-B88C-4C9C-8AE5-9846BADCAF93}
		{BA89102B-B2E7-42F0-863A-08635A686B36} = {8ADAD71F-B88C-4C9C-8AE5-9846BADCAF93}
		{CC683E49-8DD1-43B3-BB13-92CD2907C571} = {8ADAD71F-B88C-4C9C-8AE5-9846BADCAF93}
	EndGlobalSection
EndGlobal
